
Microsoft Visual Studio Solution File, Format Version 12.00
# Visual Studio Version 17
VisualStudioVersion = 17.4.33110.190
MinimumVisualStudioVersion = 10.0.40219.1
Project("{FAE04EC0-301F-11D3-BF4B-00C04F79EFBC}") = "XMLzuCSV", "XMLzuCSV.csproj", "{A681FBA2-4B29-4B81-B5E5-C18172CBFCBA}"
EndProject
Global
	GlobalSection(SolutionConfigurationPlatforms) = preSolution
		Debug|Any CPU = Debug|Any CPU
		Release|Any CPU = Release|Any CPU
	EndGlobalSection
	GlobalSection(ProjectConfigurationPlatforms) = postSolution
		{A681FBA2-4B29-4B81-B5E5-C18172CBFCBA}.Debug|Any CPU.ActiveCfg = Debug|Any CPU
		{A681FBA2-4B29-4B81-B5E5-C18172CBFCBA}.Debug|Any CPU.Build.0 = Debug|Any CPU
		{A681FBA2-4B29-4B81-B5E5-C18172CBFCBA}.Release|Any CPU.ActiveCfg = Release|Any CPU
		{A681FBA2-4B29-4B81-B5E5-C18172CBFCBA}.Release|Any CPU.Build.0 = Release|Any CPU
	EndGlobalSection
	GlobalSection(SolutionProperties) = preSolution
		HideSolutionNode = FALSE
	EndGlobalSection
	GlobalSection(ExtensibilityGlobals) = postSolution
		SolutionGuid = {B9AA7F19-AA53-4479-AE62-DF6008B358D9}
	EndGlobalSection
EndGlobal
