
Microsoft Visual Studio Solution File, Format Version 12.00
# Visual Studio Version 17
VisualStudioVersion = 17.4.33103.184
MinimumVisualStudioVersion = 10.0.40219.1
Project("{FAE04EC0-301F-11D3-BF4B-00C04F79EFBC}") = "ERP-System", "ERP-System\ERP-System.csproj", "{73C9FB5C-03FE-4C3C-B985-D02D3C95B513}"
EndProject
Global
	GlobalSection(SolutionConfigurationPlatforms) = preSolution
		Debug|Any CPU = Debug|Any CPU
		Release|Any CPU = Release|Any CPU
	EndGlobalSection
	GlobalSection(ProjectConfigurationPlatforms) = postSolution
		{73C9FB5C-03FE-4C3C-B985-D02D3C95B513}.Debug|Any CPU.ActiveCfg = Debug|Any CPU
		{73C9FB5C-03FE-4C3C-B985-D02D3C95B513}.Debug|Any CPU.Build.0 = Debug|Any CPU
		{73C9FB5C-03FE-4C3C-B985-D02D3C95B513}.Release|Any CPU.ActiveCfg = Release|Any CPU
		{73C9FB5C-03FE-4C3C-B985-D02D3C95B513}.Release|Any CPU.Build.0 = Release|Any CPU
	EndGlobalSection
	GlobalSection(SolutionProperties) = preSolution
		HideSolutionNode = FALSE
	EndGlobalSection
	GlobalSection(ExtensibilityGlobals) = postSolution
		SolutionGuid = {6DA5127E-DB69-4E0B-99A8-8F3AF375DE0D}
	EndGlobalSection
EndGlobal
