
Microsoft Visual Studio Solution File, Format Version 12.00
# Visual Studio Version 17
VisualStudioVersion = 17.3.32901.215
MinimumVisualStudioVersion = 10.0.40219.1
Project("{FAE04EC0-301F-11D3-BF4B-00C04F79EFBC}") = "GeoFormAnimation", "GeoFormAnimation\GeoFormAnimation.csproj", "{B8D46B9D-14F3-47D6-B423-0CBD8114F743}"
EndProject
Global
	GlobalSection(SolutionConfigurationPlatforms) = preSolution
		Debug|Any CPU = Debug|Any CPU
		Release|Any CPU = Release|Any CPU
	EndGlobalSection
	GlobalSection(ProjectConfigurationPlatforms) = postSolution
		{B8D46B9D-14F3-47D6-B423-0CBD8114F743}.Debug|Any CPU.ActiveCfg = Debug|Any CPU
		{B8D46B9D-14F3-47D6-B423-0CBD8114F743}.Debug|Any CPU.Build.0 = Debug|Any CPU
		{B8D46B9D-14F3-47D6-B423-0CBD8114F743}.Release|Any CPU.ActiveCfg = Release|Any CPU
		{B8D46B9D-14F3-47D6-B423-0CBD8114F743}.Release|Any CPU.Build.0 = Release|Any CPU
	EndGlobalSection
	GlobalSection(SolutionProperties) = preSolution
		HideSolutionNode = FALSE
	EndGlobalSection
	GlobalSection(ExtensibilityGlobals) = postSolution
		SolutionGuid = {202CC796-3322-49F0-8F70-F6B956156665}
	EndGlobalSection
EndGlobal
